// !$*UTF8*$!
{
	archiveVersion = 1;
	classes = {
	};
	objectVersion = 50;
	objects = {

/* Begin PBXBuildFile section */
		8F43F22F21328B4C007E9AE0 /* AppDelegate.swift in Sources */ = {isa = PBXBuildFile; fileRef = 8F43F22E21328B4C007E9AE0 /* AppDelegate.swift */; };
		8F43F23621328B4C007E9AE0 /* Assets.xcassets in Resources */ = {isa = PBXBuildFile; fileRef = 8F43F23521328B4C007E9AE0 /* Assets.xcassets */; };
		8F43F23921328B4C007E9AE0 /* LaunchScreen.storyboard in Resources */ = {isa = PBXBuildFile; fileRef = 8F43F23721328B4C007E9AE0 /* LaunchScreen.storyboard */; };
		8F43F24421328B4C007E9AE0 /* BmiCalcTests.swift in Sources */ = {isa = PBXBuildFile; fileRef = 8F43F24321328B4C007E9AE0 /* BmiCalcTests.swift */; };
		8F43F25021328C2B007E9AE0 /* Bmi.storyboard in Resources */ = {isa = PBXBuildFile; fileRef = 8F43F24F21328C2B007E9AE0 /* Bmi.storyboard */; };
		8F43F25521328D26007E9AE0 /* BmiViewController.swift in Sources */ = {isa = PBXBuildFile; fileRef = 8F43F25421328D26007E9AE0 /* BmiViewController.swift */; };
/* End PBXBuildFile section */

/* Begin PBXContainerItemProxy section */
		8F43F24021328B4C007E9AE0 /* PBXContainerItemProxy */ = {
			isa = PBXContainerItemProxy;
			containerPortal = 8F43F22321328B4C007E9AE0 /* Project object */;
			proxyType = 1;
			remoteGlobalIDString = 8F43F22A21328B4C007E9AE0;
			remoteInfo = BmiCalc;
		};
/* End PBXContainerItemProxy section */

/* Begin PBXFileReference section */
		8F43F22B21328B4C007E9AE0 /* BmiCalc.app */ = {isa = PBXFileReference; explicitFileType = wrapper.application; includeInIndex = 0; path = BmiCalc.app; sourceTree = BUILT_PRODUCTS_DIR; };
		8F43F22E21328B4C007E9AE0 /* AppDelegate.swift */ = {isa = PBXFileReference; lastKnownFileType = sourcecode.swift; path = AppDelegate.swift; sourceTree = "<group>"; };
		8F43F23521328B4C007E9AE0 /* Assets.xcassets */ = {isa = PBXFileReference; lastKnownFileType = folder.assetcatalog; path = Assets.xcassets; sourceTree = "<group>"; };
		8F43F23821328B4C007E9AE0 /* Base */ = {isa = PBXFileReference; lastKnownFileType = file.storyboard; name = Base; path = Base.lproj/LaunchScreen.storyboard; sourceTree = "<group>"; };
		8F43F23A21328B4C007E9AE0 /* Info.plist */ = {isa = PBXFileReference; lastKnownFileType = text.plist.xml; path = Info.plist; sourceTree = "<group>"; };
		8F43F23F21328B4C007E9AE0 /* BmiCalcTests.xctest */ = {isa = PBXFileReference; explicitFileType = wrapper.cfbundle; includeInIndex = 0; path = BmiCalcTests.xctest; sourceTree = BUILT_PRODUCTS_DIR; };
		8F43F24321328B4C007E9AE0 /* BmiCalcTests.swift */ = {isa = PBXFileReference; lastKnownFileType = sourcecode.swift; path = BmiCalcTests.swift; sourceTree = "<group>"; };
		8F43F24521328B4C007E9AE0 /* Info.plist */ = {isa = PBXFileReference; lastKnownFileType = text.plist.xml; path = Info.plist; sourceTree = "<group>"; };
		8F43F24F21328C2B007E9AE0 /* Bmi.storyboard */ = {isa = PBXFileReference; lastKnownFileType = file.storyboard; path = Bmi.storyboard; sourceTree = "<group>"; };
		8F43F25421328D26007E9AE0 /* BmiViewController.swift */ = {isa = PBXFileReference; lastKnownFileType = sourcecode.swift; path = BmiViewController.swift; sourceTree = "<group>"; };
/* End PBXFileReference section */

/* Begin PBXFrameworksBuildPhase section */
		8F43F22821328B4C007E9AE0 /* Frameworks */ = {
			isa = PBXFrameworksBuildPhase;
			buildActionMask = 2147483647;
			files = (
			);
			runOnlyForDeploymentPostprocessing = 0;
		};
		8F43F23C21328B4C007E9AE0 /* Frameworks */ = {
			isa = PBXFrameworksBuildPhase;
			buildActionMask = 2147483647;
			files = (
			);
			runOnlyForDeploymentPostprocessing = 0;
		};
/* End PBXFrameworksBuildPhase section */

/* Begin PBXGroup section */
		8F43F22221328B4C007E9AE0 = {
			isa = PBXGroup;
			children = (
				8F43F22D21328B4C007E9AE0 /* BmiCalc */,
				8F43F24221328B4C007E9AE0 /* BmiCalcTests */,
				8F43F22C21328B4C007E9AE0 /* Products */,
			);
			sourceTree = "<group>";
		};
		8F43F22C21328B4C007E9AE0 /* Products */ = {
			isa = PBXGroup;
			children = (
				8F43F22B21328B4C007E9AE0 /* BmiCalc.app */,
				8F43F23F21328B4C007E9AE0 /* BmiCalcTests.xctest */,
			);
			name = Products;
			sourceTree = "<group>";
		};
		8F43F22D21328B4C007E9AE0 /* BmiCalc */ = {
			isa = PBXGroup;
			children = (
				8F43F24E21328BFB007E9AE0 /* Bmi */,
				8F43F22E21328B4C007E9AE0 /* AppDelegate.swift */,
				8F43F23521328B4C007E9AE0 /* Assets.xcassets */,
				8F43F23721328B4C007E9AE0 /* LaunchScreen.storyboard */,
				8F43F23A21328B4C007E9AE0 /* Info.plist */,
			);
			path = BmiCalc;
			sourceTree = "<group>";
		};
		8F43F24221328B4C007E9AE0 /* BmiCalcTests */ = {
			isa = PBXGroup;
			children = (
				8F43F24321328B4C007E9AE0 /* BmiCalcTests.swift */,
				8F43F24521328B4C007E9AE0 /* Info.plist */,
			);
			path = BmiCalcTests;
			sourceTree = "<group>";
		};
		8F43F24E21328BFB007E9AE0 /* Bmi */ = {
			isa = PBXGroup;
			children = (
				8F43F24F21328C2B007E9AE0 /* Bmi.storyboard */,
				8F43F25421328D26007E9AE0 /* BmiViewController.swift */,
			);
			path = Bmi;
			sourceTree = "<group>";
		};
/* End PBXGroup section */

/* Begin PBXNativeTarget section */
		8F43F22A21328B4C007E9AE0 /* BmiCalc */ = {
			isa = PBXNativeTarget;
			buildConfigurationList = 8F43F24821328B4C007E9AE0 /* Build configuration list for PBXNativeTarget "BmiCalc" */;
			buildPhases = (
				8F43F22721328B4C007E9AE0 /* Sources */,
				8F43F22821328B4C007E9AE0 /* Frameworks */,
				8F43F22921328B4C007E9AE0 /* Resources */,
			);
			buildRules = (
			);
			dependencies = (
			);
			name = BmiCalc;
			productName = BmiCalc;
			productReference = 8F43F22B21328B4C007E9AE0 /* BmiCalc.app */;
			productType = "com.apple.product-type.application";
		};
		8F43F23E21328B4C007E9AE0 /* BmiCalcTests */ = {
			isa = PBXNativeTarget;
			buildConfigurationList = 8F43F24B21328B4C007E9AE0 /* Build configuration list for PBXNativeTarget "BmiCalcTests" */;
			buildPhases = (
				8F43F23B21328B4C007E9AE0 /* Sources */,
				8F43F23C21328B4C007E9AE0 /* Frameworks */,
				8F43F23D21328B4C007E9AE0 /* Resources */,
			);
			buildRules = (
			);
			dependencies = (
				8F43F24121328B4C007E9AE0 /* PBXTargetDependency */,
			);
			name = BmiCalcTests;
			productName = BmiCalcTests;
			productReference = 8F43F23F21328B4C007E9AE0 /* BmiCalcTests.xctest */;
			productType = "com.apple.product-type.bundle.unit-test";
		};
/* End PBXNativeTarget section */

/* Begin PBXProject section */
		8F43F22321328B4C007E9AE0 /* Project object */ = {
			isa = PBXProject;
			attributes = {
				LastSwiftUpdateCheck = 0940;
				LastUpgradeCheck = 0940;
				ORGANIZATIONNAME = dinaraja.me;
				TargetAttributes = {
					8F43F22A21328B4C007E9AE0 = {
						CreatedOnToolsVersion = 9.4.1;
					};
					8F43F23E21328B4C007E9AE0 = {
						CreatedOnToolsVersion = 9.4.1;
						TestTargetID = 8F43F22A21328B4C007E9AE0;
					};
				};
			};
			buildConfigurationList = 8F43F22621328B4C007E9AE0 /* Build configuration list for PBXProject "BmiCalc" */;
			compatibilityVersion = "Xcode 9.3";
			developmentRegion = en;
			hasScannedForEncodings = 0;
			knownRegions = (
				en,
				Base,
			);
			mainGroup = 8F43F22221328B4C007E9AE0;
			productRefGroup = 8F43F22C21328B4C007E9AE0 /* Products */;
			projectDirPath = "";
			projectRoot = "";
			targets = (
				8F43F22A21328B4C007E9AE0 /* BmiCalc */,
				8F43F23E21328B4C007E9AE0 /* BmiCalcTests */,
			);
		};
/* End PBXProject section */

/* Begin PBXResourcesBuildPhase section */
		8F43F22921328B4C007E9AE0 /* Resources */ = {
			isa = PBXResourcesBuildPhase;
			buildActionMask = 2147483647;
			files = (
				8F43F23921328B4C007E9AE0 /* LaunchScreen.storyboard in Resources */,
				8F43F23621328B4C007E9AE0 /* Assets.xcassets in Resources */,
				8F43F25021328C2B007E9AE0 /* Bmi.storyboard in Resources */,
			);
			runOnlyForDeploymentPostprocessing = 0;
		};
		8F43F23D21328B4C007E9AE0 /* Resources */ = {
			isa = PBXResourcesBuildPhase;
			buildActionMask = 2147483647;
			files = (
			);
			runOnlyForDeploymentPostprocessing = 0;
		};
/* End PBXResourcesBuildPhase section */

/* Begin PBXSourcesBuildPhase section */
		8F43F22721328B4C007E9AE0 /* Sources */ = {
			isa = PBXSourcesBuildPhase;
			buildActionMask = 2147483647;
			files = (
				8F43F22F21328B4C007E9AE0 /* AppDelegate.swift in Sources */,
				8F43F25521328D26007E9AE0 /* BmiViewController.swift in Sources */,
			);
			runOnlyForDeploymentPostprocessing = 0;
		};
		8F43F23B21328B4C007E9AE0 /* Sources */ = {
			isa = PBXSourcesBuildPhase;
			buildActionMask = 2147483647;
			files = (
				8F43F24421328B4C007E9AE0 /* BmiCalcTests.swift in Sources */,
			);
			runOnlyForDeploymentPostprocessing = 0;
		};
/* End PBXSourcesBuildPhase section */

/* Begin PBXTargetDependency section */
		8F43F24121328B4C007E9AE0 /* PBXTargetDependency */ = {
			isa = PBXTargetDependency;
			target = 8F43F22A21328B4C007E9AE0 /* BmiCalc */;
			targetProxy = 8F43F24021328B4C007E9AE0 /* PBXContainerItemProxy */;
		};
/* End PBXTargetDependency section */

/* Begin PBXVariantGroup section */
		8F43F23721328B4C007E9AE0 /* LaunchScreen.storyboard */ = {
			isa = PBXVariantGroup;
			children = (
				8F43F23821328B4C007E9AE0 /* Base */,
			);
			name = LaunchScreen.storyboard;
			sourceTree = "<group>";
		};
/* End PBXVariantGroup section */

/* Begin XCBuildConfiguration section */
		8F43F24621328B4C007E9AE0 /* Debug */ = {
			isa = XCBuildConfiguration;
			buildSettings = {
				ALWAYS_SEARCH_USER_PATHS = NO;
				CLANG_ANALYZER_NONNULL = YES;
				CLANG_ANALYZER_NUMBER_OBJECT_CONVERSION = YES_AGGRESSIVE;
				CLANG_CXX_LANGUAGE_STANDARD = "gnu++14";
				CLANG_CXX_LIBRARY = "libc++";
				CLANG_ENABLE_MODULES = YES;
				CLANG_ENABLE_OBJC_ARC = YES;
				CLANG_ENABLE_OBJC_WEAK = YES;
				CLANG_WARN_BLOCK_CAPTURE_AUTORELEASING = YES;
				CLANG_WARN_BOOL_CONVERSION = YES;
				CLANG_WARN_COMMA = YES;
				CLANG_WARN_CONSTANT_CONVERSION = YES;
				CLANG_WARN_DEPRECATED_OBJC_IMPLEMENTATIONS = YES;
				CLANG_WARN_DIRECT_OBJC_ISA_USAGE = YES_ERROR;
				CLANG_WARN_DOCUMENTATION_COMMENTS = YES;
				CLANG_WARN_EMPTY_BODY = YES;
				CLANG_WARN_ENUM_CONVERSION = YES;
				CLANG_WARN_INFINITE_RECURSION = YES;
				CLANG_WARN_INT_CONVERSION = YES;
				CLANG_WARN_NON_LITERAL_NULL_CONVERSION = YES;
				CLANG_WARN_OBJC_IMPLICIT_RETAIN_SELF = YES;
				CLANG_WARN_OBJC_LITERAL_CONVERSION = YES;
				CLANG_WARN_OBJC_ROOT_CLASS = YES_ERROR;
				CLANG_WARN_RANGE_LOOP_ANALYSIS = YES;
				CLANG_WARN_STRICT_PROTOTYPES = YES;
				CLANG_WARN_SUSPICIOUS_MOVE = YES;
				CLANG_WARN_UNGUARDED_AVAILABILITY = YES_AGGRESSIVE;
				CLANG_WARN_UNREACHABLE_CODE = YES;
				CLANG_WARN__DUPLICATE_METHOD_MATCH = YES;
				CODE_SIGN_IDENTITY = "iPhone Developer";
				COPY_PHASE_STRIP = NO;
				DEBUG_INFORMATION_FORMAT = dwarf;
				ENABLE_STRICT_OBJC_MSGSEND = YES;
				ENABLE_TESTABILITY = YES;
				GCC_C_LANGUAGE_STANDARD = gnu11;
				GCC_DYNAMIC_NO_PIC = NO;
				GCC_NO_COMMON_BLOCKS = YES;
				GCC_OPTIMIZATION_LEVEL = 0;
				GCC_PREPROCESSOR_DEFINITIONS = (
					"DEBUG=1",
					"$(inherited)",
				);
				GCC_WARN_64_TO_32_BIT_CONVERSION = YES;
				GCC_WARN_ABOUT_RETURN_TYPE = YES_ERROR;
				GCC_WARN_UNDECLARED_SELECTOR = YES;
				GCC_WARN_UNINITIALIZED_AUTOS = YES_AGGRESSIVE;
				GCC_WARN_UNUSED_FUNCTION = YES;
				GCC_WARN_UNUSED_VARIABLE = YES;
				IPHONEOS_DEPLOYMENT_TARGET = 11.4;
				MTL_ENABLE_DEBUG_INFO = YES;
				ONLY_ACTIVE_ARCH = YES;
				SDKROOT = iphoneos;
				SWIFT_ACTIVE_COMPILATION_CONDITIONS = DEBUG;
				SWIFT_OPTIMIZATION_LEVEL = "-Onone";
			};
			name = Debug;
		};
		8F43F24721328B4C007E9AE0 /* Release */ = {
			isa = XCBuildConfiguration;
			buildSettings = {
				ALWAYS_SEARCH_USER_PATHS = NO;
				CLANG_ANALYZER_NONNULL = YES;
				CLANG_ANALYZER_NUMBER_OBJECT_CONVERSION = YES_AGGRESSIVE;
				CLANG_CXX_LANGUAGE_STANDARD = "gnu++14";
				CLANG_CXX_LIBRARY = "libc++";
				CLANG_ENABLE_MODULES = YES;
				CLANG_ENABLE_OBJC_ARC = YES;
				CLANG_ENABLE_OBJC_WEAK = YES;
				CLANG_WARN_BLOCK_CAPTURE_AUTORELEASING = YES;
				CLANG_WARN_BOOL_CONVERSION = YES;
				CLANG_WARN_COMMA = YES;
				CLANG_WARN_CONSTANT_CONVERSION = YES;
				CLANG_WARN_DEPRECATED_OBJC_IMPLEMENTATIONS = YES;
				CLANG_WARN_DIRECT_OBJC_ISA_USAGE = YES_ERROR;
				CLANG_WARN_DOCUMENTATION_COMMENTS = YES;
				CLANG_WARN_EMPTY_BODY = YES;
				CLANG_WARN_ENUM_CONVERSION = YES;
				CLANG_WARN_INFINITE_RECURSION = YES;
				CLANG_WARN_INT_CONVERSION = YES;
				CLANG_WARN_NON_LITERAL_NULL_CONVERSION = YES;
				CLANG_WARN_OBJC_IMPLICIT_RETAIN_SELF = YES;
				CLANG_WARN_OBJC_LITERAL_CONVERSION = YES;
				CLANG_WARN_OBJC_ROOT_CLASS = YES_ERROR;
				CLANG_WARN_RANGE_LOOP_ANALYSIS = YES;
				CLANG_WARN_STRICT_PROTOTYPES = YES;
				CLANG_WARN_SUSPICIOUS_MOVE = YES;
				CLANG_WARN_UNGUARDED_AVAILABILITY = YES_AGGRESSIVE;
				CLANG_WARN_UNREACHABLE_CODE = YES;
				CLANG_WARN__DUPLICATE_METHOD_MATCH = YES;
				CODE_SIGN_IDENTITY = "iPhone Developer";
				COPY_PHASE_STRIP = NO;
				DEBUG_INFORMATION_FORMAT = "dwarf-with-dsym";
				ENABLE_NS_ASSERTIONS = NO;
				ENABLE_STRICT_OBJC_MSGSEND = YES;
				GCC_C_LANGUAGE_STANDARD = gnu11;
				GCC_NO_COMMON_BLOCKS = YES;
				GCC_WARN_64_TO_32_BIT_CONVERSION = YES;
				GCC_WARN_ABOUT_RETURN_TYPE = YES_ERROR;
				GCC_WARN_UNDECLARED_SELECTOR = YES;
				GCC_WARN_UNINITIALIZED_AUTOS = YES_AGGRESSIVE;
				GCC_WARN_UNUSED_FUNCTION = YES;
				GCC_WARN_UNUSED_VARIABLE = YES;
				IPHONEOS_DEPLOYMENT_TARGET = 11.4;
				MTL_ENABLE_DEBUG_INFO = NO;
				SDKROOT = iphoneos;
				SWIFT_COMPILATION_MODE = wholemodule;
				SWIFT_OPTIMIZATION_LEVEL = "-O";
				VALIDATE_PRODUCT = YES;
			};
			name = Release;
		};
		8F43F24921328B4C007E9AE0 /* Debug */ = {
			isa = XCBuildConfiguration;
			buildSettings = {
				ASSETCATALOG_COMPILER_APPICON_NAME = AppIcon;
				CODE_SIGN_STYLE = Automatic;
				DEVELOPMENT_TEAM = YNC9THEPFE;
				INFOPLIST_FILE = BmiCalc/Info.plist;
				LD_RUNPATH_SEARCH_PATHS = (
					"$(inherited)",
					"@executable_path/Frameworks",
				);
				PRODUCT_BUNDLE_IDENTIFIER = me.dinaraja.BmiCalc;
				PRODUCT_NAME = "$(TARGET_NAME)";
				SWIFT_VERSION = 4.0;
				TARGETED_DEVICE_FAMILY = "1,2";
			};
			name = Debug;
		};
		8F43F24A21328B4C007E9AE0 /* Release */ = {
			isa = XCBuildConfiguration;
			buildSettings = {
				ASSETCATALOG_COMPILER_APPICON_NAME = AppIcon;
				CODE_SIGN_STYLE = Automatic;
				DEVELOPMENT_TEAM = YNC9THEPFE;
				INFOPLIST_FILE = BmiCalc/Info.plist;
				LD_RUNPATH_SEARCH_PATHS = (
					"$(inherited)",
					"@executable_path/Frameworks",
				);
				PRODUCT_BUNDLE_IDENTIFIER = me.dinaraja.BmiCalc;
				PRODUCT_NAME = "$(TARGET_NAME)";
				SWIFT_VERSION = 4.0;
				TARGETED_DEVICE_FAMILY = "1,2";
			};
			name = Release;
		};
		8F43F24C21328B4C007E9AE0 /* Debug */ = {
			isa = XCBuildConfiguration;
			buildSettings = {
				ALWAYS_EMBED_SWIFT_STANDARD_LIBRARIES = YES;
				BUNDLE_LOADER = "$(TEST_HOST)";
				CODE_SIGN_STYLE = Automatic;
				DEVELOPMENT_TEAM = YNC9THEPFE;
				INFOPLIST_FILE = BmiCalcTests/Info.plist;
				LD_RUNPATH_SEARCH_PATHS = (
					"$(inherited)",
					"@executable_path/Frameworks",
					"@loader_path/Frameworks",
				);
				PRODUCT_BUNDLE_IDENTIFIER = me.dinaraja.BmiCalcTests;
				PRODUCT_NAME = "$(TARGET_NAME)";
				SWIFT_VERSION = 4.0;
				TARGETED_DEVICE_FAMILY = "1,2";
				TEST_HOST = "$(BUILT_PRODUCTS_DIR)/BmiCalc.app/BmiCalc";
			};
			name = Debug;
		};
		8F43F24D21328B4C007E9AE0 /* Release */ = {
			isa = XCBuildConfiguration;
			buildSettings = {
				ALWAYS_EMBED_SWIFT_STANDARD_LIBRARIES = YES;
				BUNDLE_LOADER = "$(TEST_HOST)";
				CODE_SIGN_STYLE = Automatic;
				DEVELOPMENT_TEAM = YNC9THEPFE;
				INFOPLIST_FILE = BmiCalcTests/Info.plist;
				LD_RUNPATH_SEARCH_PATHS = (
					"$(inherited)",
					"@executable_path/Frameworks",
					"@loader_path/Frameworks",
				);
				PRODUCT_BUNDLE_IDENTIFIER = me.dinaraja.BmiCalcTests;
				PRODUCT_NAME = "$(TARGET_NAME)";
				SWIFT_VERSION = 4.0;
				TARGETED_DEVICE_FAMILY = "1,2";
				TEST_HOST = "$(BUILT_PRODUCTS_DIR)/BmiCalc.app/BmiCalc";
			};
			name = Release;
		};
/* End XCBuildConfiguration section */

/* Begin XCConfigurationList section */
		8F43F22621328B4C007E9AE0 /* Build configuration list for PBXProject "BmiCalc" */ = {
			isa = XCConfigurationList;
			buildConfigurations = (
				8F43F24621328B4C007E9AE0 /* Debug */,
				8F43F24721328B4C007E9AE0 /* Release */,
			);
			defaultConfigurationIsVisible = 0;
			defaultConfigurationName = Release;
		};
		8F43F24821328B4C007E9AE0 /* Build configuration list for PBXNativeTarget "BmiCalc" */ = {
			isa = XCConfigurationList;
			buildConfigurations = (
				8F43F24921328B4C007E9AE0 /* Debug */,
				8F43F24A21328B4C007E9AE0 /* Release */,
			);
			defaultConfigurationIsVisible = 0;
			defaultConfigurationName = Release;
		};
		8F43F24B21328B4C007E9AE0 /* Build configuration list for PBXNativeTarget "BmiCalcTests" */ = {
			isa = XCConfigurationList;
			buildConfigurations = (
				8F43F24C21328B4C007E9AE0 /* Debug */,
				8F43F24D21328B4C007E9AE0 /* Release */,
			);
			defaultConfigurationIsVisible = 0;
			defaultConfigurationName = Release;
		};
/* End XCConfigurationList section */
	};
	rootObject = 8F43F22321328B4C007E9AE0 /* Project object */;
}
