// !$*UTF8*$!
{
	archiveVersion = 1;
	classes = {
	};
	objectVersion = 50;
	objects = {

/* Begin PBXBuildFile section */
		10A3E9686A67C5141EF1B02B /* Pods_BmiCalc.framework in Frameworks */ = {isa = PBXBuildFile; fileRef = 49F75B066948C86A2FC2FB6E /* Pods_BmiCalc.framework */; };
		5F8F614245981DE8A54655DC /* BmiView.swift in Sources */ = {isa = PBXBuildFile; fileRef = 5F8F65814C52B085B376D474 /* BmiView.swift */; };
		5F8F63E0CFABE82BB7720B13 /* BmiState.swift in Sources */ = {isa = PBXBuildFile; fileRef = 5F8F684D84C473637141402A /* BmiState.swift */; };
		5F8F63FD5FAF30FE4C905DED /* MviController.swift in Sources */ = {isa = PBXBuildFile; fileRef = 5F8F6618A711ED5512A1139B /* MviController.swift */; };
		5F8F663E0501B44D7D132A2A /* MviLifecycle.swift in Sources */ = {isa = PBXBuildFile; fileRef = 5F8F6E28B89B724F0530E492 /* MviLifecycle.swift */; };
		5F8F676E7FD23E5F4339D749 /* BmiModelTests.swift in Sources */ = {isa = PBXBuildFile; fileRef = 5F8F6B7A0AB963102608FC95 /* BmiModelTests.swift */; };
		5F8F67E00BFEF57E66C68498 /* BmiIntentions.swift in Sources */ = {isa = PBXBuildFile; fileRef = 5F8F69B9221A4201DBC841F3 /* BmiIntentions.swift */; };
		5F8F6AC4A9630DCE1BC1F7BC /* BmiModel.swift in Sources */ = {isa = PBXBuildFile; fileRef = 5F8F67DE452B154E972D76DA /* BmiModel.swift */; };
		5F8F6B9C603247A425127E7C /* MviState.swift in Sources */ = {isa = PBXBuildFile; fileRef = 5F8F6AB7E17F4A4280F20B7A /* MviState.swift */; };
		5F8F6D8917E0A32508BF74D2 /* Observable+Mvi.swift in Sources */ = {isa = PBXBuildFile; fileRef = 5F8F69D3A0F90554B43D6683 /* Observable+Mvi.swift */; };
		8F43F22F21328B4C007E9AE0 /* AppDelegate.swift in Sources */ = {isa = PBXBuildFile; fileRef = 8F43F22E21328B4C007E9AE0 /* AppDelegate.swift */; };
		8F43F23621328B4C007E9AE0 /* Assets.xcassets in Resources */ = {isa = PBXBuildFile; fileRef = 8F43F23521328B4C007E9AE0 /* Assets.xcassets */; };
		8F43F23921328B4C007E9AE0 /* LaunchScreen.storyboard in Resources */ = {isa = PBXBuildFile; fileRef = 8F43F23721328B4C007E9AE0 /* LaunchScreen.storyboard */; };
		8F43F25021328C2B007E9AE0 /* Bmi.storyboard in Resources */ = {isa = PBXBuildFile; fileRef = 8F43F24F21328C2B007E9AE0 /* Bmi.storyboard */; };
		8F43F25521328D26007E9AE0 /* BmiViewController.swift in Sources */ = {isa = PBXBuildFile; fileRef = 8F43F25421328D26007E9AE0 /* BmiViewController.swift */; };
		EC9F614B566B75A46205666A /* Pods_BmiCalcTests.framework in Frameworks */ = {isa = PBXBuildFile; fileRef = 8B4C5C576F7773F9303AB50F /* Pods_BmiCalcTests.framework */; };
/* End PBXBuildFile section */

/* Begin PBXContainerItemProxy section */
		8F43F24021328B4C007E9AE0 /* PBXContainerItemProxy */ = {
			isa = PBXContainerItemProxy;
			containerPortal = 8F43F22321328B4C007E9AE0 /* Project object */;
			proxyType = 1;
			remoteGlobalIDString = 8F43F22A21328B4C007E9AE0;
			remoteInfo = BmiCalc;
		};
/* End PBXContainerItemProxy section */

/* Begin PBXFileReference section */
		49F75B066948C86A2FC2FB6E /* Pods_BmiCalc.framework */ = {isa = PBXFileReference; explicitFileType = wrapper.framework; includeInIndex = 0; path = Pods_BmiCalc.framework; sourceTree = BUILT_PRODUCTS_DIR; };
		5592FCC16832CDCF5A7B2165 /* Pods-BmiCalc.release.xcconfig */ = {isa = PBXFileReference; includeInIndex = 1; lastKnownFileType = text.xcconfig; name = "Pods-BmiCalc.release.xcconfig"; path = "Pods/Target Support Files/Pods-BmiCalc/Pods-BmiCalc.release.xcconfig"; sourceTree = "<group>"; };
		5F8F65814C52B085B376D474 /* BmiView.swift */ = {isa = PBXFileReference; fileEncoding = 4; lastKnownFileType = sourcecode.swift; path = BmiView.swift; sourceTree = "<group>"; };
		5F8F6618A711ED5512A1139B /* MviController.swift */ = {isa = PBXFileReference; fileEncoding = 4; lastKnownFileType = sourcecode.swift; path = MviController.swift; sourceTree = "<group>"; };
		5F8F67DE452B154E972D76DA /* BmiModel.swift */ = {isa = PBXFileReference; fileEncoding = 4; lastKnownFileType = sourcecode.swift; path = BmiModel.swift; sourceTree = "<group>"; };
		5F8F684D84C473637141402A /* BmiState.swift */ = {isa = PBXFileReference; fileEncoding = 4; lastKnownFileType = sourcecode.swift; path = BmiState.swift; sourceTree = "<group>"; };
		5F8F69B9221A4201DBC841F3 /* BmiIntentions.swift */ = {isa = PBXFileReference; fileEncoding = 4; lastKnownFileType = sourcecode.swift; path = BmiIntentions.swift; sourceTree = "<group>"; };
		5F8F69D3A0F90554B43D6683 /* Observable+Mvi.swift */ = {isa = PBXFileReference; fileEncoding = 4; lastKnownFileType = sourcecode.swift; path = "Observable+Mvi.swift"; sourceTree = "<group>"; };
		5F8F6AB7E17F4A4280F20B7A /* MviState.swift */ = {isa = PBXFileReference; fileEncoding = 4; lastKnownFileType = sourcecode.swift; path = MviState.swift; sourceTree = "<group>"; };
		5F8F6B7A0AB963102608FC95 /* BmiModelTests.swift */ = {isa = PBXFileReference; fileEncoding = 4; lastKnownFileType = sourcecode.swift; path = BmiModelTests.swift; sourceTree = "<group>"; };
		5F8F6E28B89B724F0530E492 /* MviLifecycle.swift */ = {isa = PBXFileReference; fileEncoding = 4; lastKnownFileType = sourcecode.swift; path = MviLifecycle.swift; sourceTree = "<group>"; };
		8B4C5C576F7773F9303AB50F /* Pods_BmiCalcTests.framework */ = {isa = PBXFileReference; explicitFileType = wrapper.framework; includeInIndex = 0; path = Pods_BmiCalcTests.framework; sourceTree = BUILT_PRODUCTS_DIR; };
		8F43F22B21328B4C007E9AE0 /* BmiCalc.app */ = {isa = PBXFileReference; explicitFileType = wrapper.application; includeInIndex = 0; path = BmiCalc.app; sourceTree = BUILT_PRODUCTS_DIR; };
		8F43F22E21328B4C007E9AE0 /* AppDelegate.swift */ = {isa = PBXFileReference; lastKnownFileType = sourcecode.swift; path = AppDelegate.swift; sourceTree = "<group>"; };
		8F43F23521328B4C007E9AE0 /* Assets.xcassets */ = {isa = PBXFileReference; lastKnownFileType = folder.assetcatalog; path = Assets.xcassets; sourceTree = "<group>"; };
		8F43F23821328B4C007E9AE0 /* Base */ = {isa = PBXFileReference; lastKnownFileType = file.storyboard; name = Base; path = Base.lproj/LaunchScreen.storyboard; sourceTree = "<group>"; };
		8F43F23A21328B4C007E9AE0 /* Info.plist */ = {isa = PBXFileReference; lastKnownFileType = text.plist.xml; path = Info.plist; sourceTree = "<group>"; };
		8F43F23F21328B4C007E9AE0 /* BmiCalcTests.xctest */ = {isa = PBXFileReference; explicitFileType = wrapper.cfbundle; includeInIndex = 0; path = BmiCalcTests.xctest; sourceTree = BUILT_PRODUCTS_DIR; };
		8F43F24521328B4C007E9AE0 /* Info.plist */ = {isa = PBXFileReference; lastKnownFileType = text.plist.xml; path = Info.plist; sourceTree = "<group>"; };
		8F43F24F21328C2B007E9AE0 /* Bmi.storyboard */ = {isa = PBXFileReference; lastKnownFileType = file.storyboard; path = Bmi.storyboard; sourceTree = "<group>"; };
		8F43F25421328D26007E9AE0 /* BmiViewController.swift */ = {isa = PBXFileReference; lastKnownFileType = sourcecode.swift; path = BmiViewController.swift; sourceTree = "<group>"; };
		9DBD127DA08EE1393A198F8B /* Pods-BmiCalcTests.release.xcconfig */ = {isa = PBXFileReference; includeInIndex = 1; lastKnownFileType = text.xcconfig; name = "Pods-BmiCalcTests.release.xcconfig"; path = "Pods/Target Support Files/Pods-BmiCalcTests/Pods-BmiCalcTests.release.xcconfig"; sourceTree = "<group>"; };
		EEAC587257623021AB3856E9 /* Pods-BmiCalc.debug.xcconfig */ = {isa = PBXFileReference; includeInIndex = 1; lastKnownFileType = text.xcconfig; name = "Pods-BmiCalc.debug.xcconfig"; path = "Pods/Target Support Files/Pods-BmiCalc/Pods-BmiCalc.debug.xcconfig"; sourceTree = "<group>"; };
		F40606B1986693F6C3811FA5 /* Pods-BmiCalcTests.debug.xcconfig */ = {isa = PBXFileReference; includeInIndex = 1; lastKnownFileType = text.xcconfig; name = "Pods-BmiCalcTests.debug.xcconfig"; path = "Pods/Target Support Files/Pods-BmiCalcTests/Pods-BmiCalcTests.debug.xcconfig"; sourceTree = "<group>"; };
/* End PBXFileReference section */

/* Begin PBXFrameworksBuildPhase section */
		8F43F22821328B4C007E9AE0 /* Frameworks */ = {
			isa = PBXFrameworksBuildPhase;
			buildActionMask = 2147483647;
			files = (
				10A3E9686A67C5141EF1B02B /* Pods_BmiCalc.framework in Frameworks */,
			);
			runOnlyForDeploymentPostprocessing = 0;
		};
		8F43F23C21328B4C007E9AE0 /* Frameworks */ = {
			isa = PBXFrameworksBuildPhase;
			buildActionMask = 2147483647;
			files = (
				EC9F614B566B75A46205666A /* Pods_BmiCalcTests.framework in Frameworks */,
			);
			runOnlyForDeploymentPostprocessing = 0;
		};
/* End PBXFrameworksBuildPhase section */

/* Begin PBXGroup section */
		026B239515C76167228F1311 /* Pods */ = {
			isa = PBXGroup;
			children = (
				EEAC587257623021AB3856E9 /* Pods-BmiCalc.debug.xcconfig */,
				5592FCC16832CDCF5A7B2165 /* Pods-BmiCalc.release.xcconfig */,
				F40606B1986693F6C3811FA5 /* Pods-BmiCalcTests.debug.xcconfig */,
				9DBD127DA08EE1393A198F8B /* Pods-BmiCalcTests.release.xcconfig */,
			);
			name = Pods;
			sourceTree = "<group>";
		};
		454694A6226969B86E0E5768 /* Frameworks */ = {
			isa = PBXGroup;
			children = (
				49F75B066948C86A2FC2FB6E /* Pods_BmiCalc.framework */,
				8B4C5C576F7773F9303AB50F /* Pods_BmiCalcTests.framework */,
			);
			name = Frameworks;
			sourceTree = "<group>";
		};
		5F8F648452516D77751783DF /* Mvi */ = {
			isa = PBXGroup;
			children = (
				5F8F6618A711ED5512A1139B /* MviController.swift */,
				5F8F6AB7E17F4A4280F20B7A /* MviState.swift */,
				5F8F6E28B89B724F0530E492 /* MviLifecycle.swift */,
				5F8F69D3A0F90554B43D6683 /* Observable+Mvi.swift */,
			);
			path = Mvi;
			sourceTree = "<group>";
		};
		5F8F664C6F1F5A5F53598D97 /* Bmi */ = {
			isa = PBXGroup;
			children = (
				5F8F6B7A0AB963102608FC95 /* BmiModelTests.swift */,
			);
			path = Bmi;
			sourceTree = "<group>";
		};
		8F43F22221328B4C007E9AE0 = {
			isa = PBXGroup;
			children = (
				8F43F22D21328B4C007E9AE0 /* BmiCalc */,
				8F43F24221328B4C007E9AE0 /* BmiCalcTests */,
				8F43F22C21328B4C007E9AE0 /* Products */,
				026B239515C76167228F1311 /* Pods */,
				454694A6226969B86E0E5768 /* Frameworks */,
			);
			sourceTree = "<group>";
		};
		8F43F22C21328B4C007E9AE0 /* Products */ = {
			isa = PBXGroup;
			children = (
				8F43F22B21328B4C007E9AE0 /* BmiCalc.app */,
				8F43F23F21328B4C007E9AE0 /* BmiCalcTests.xctest */,
			);
			name = Products;
			sourceTree = "<group>";
		};
		8F43F22D21328B4C007E9AE0 /* BmiCalc */ = {
			isa = PBXGroup;
			children = (
				8F43F24E21328BFB007E9AE0 /* Bmi */,
				8F43F22E21328B4C007E9AE0 /* AppDelegate.swift */,
				8F43F23521328B4C007E9AE0 /* Assets.xcassets */,
				8F43F23721328B4C007E9AE0 /* LaunchScreen.storyboard */,
				8F43F23A21328B4C007E9AE0 /* Info.plist */,
				5F8F648452516D77751783DF /* Mvi */,
			);
			path = BmiCalc;
			sourceTree = "<group>";
		};
		8F43F24221328B4C007E9AE0 /* BmiCalcTests */ = {
			isa = PBXGroup;
			children = (
				8F43F24521328B4C007E9AE0 /* Info.plist */,
				5F8F664C6F1F5A5F53598D97 /* Bmi */,
			);
			path = BmiCalcTests;
			sourceTree = "<group>";
		};
		8F43F24E21328BFB007E9AE0 /* Bmi */ = {
			isa = PBXGroup;
			children = (
				8F43F24F21328C2B007E9AE0 /* Bmi.storyboard */,
				8F43F25421328D26007E9AE0 /* BmiViewController.swift */,
				5F8F67DE452B154E972D76DA /* BmiModel.swift */,
				5F8F684D84C473637141402A /* BmiState.swift */,
				5F8F65814C52B085B376D474 /* BmiView.swift */,
				5F8F69B9221A4201DBC841F3 /* BmiIntentions.swift */,
			);
			path = Bmi;
			sourceTree = "<group>";
		};
/* End PBXGroup section */

/* Begin PBXNativeTarget section */
		8F43F22A21328B4C007E9AE0 /* BmiCalc */ = {
			isa = PBXNativeTarget;
			buildConfigurationList = 8F43F24821328B4C007E9AE0 /* Build configuration list for PBXNativeTarget "BmiCalc" */;
			buildPhases = (
				8002DF5EABA0514DB5CCDD8D /* [CP] Check Pods Manifest.lock */,
				8F43F22721328B4C007E9AE0 /* Sources */,
				8F43F22821328B4C007E9AE0 /* Frameworks */,
				8F43F22921328B4C007E9AE0 /* Resources */,
				1361075FA9AFD7633632924F /* [CP] Embed Pods Frameworks */,
			);
			buildRules = (
			);
			dependencies = (
			);
			name = BmiCalc;
			productName = BmiCalc;
			productReference = 8F43F22B21328B4C007E9AE0 /* BmiCalc.app */;
			productType = "com.apple.product-type.application";
		};
		8F43F23E21328B4C007E9AE0 /* BmiCalcTests */ = {
			isa = PBXNativeTarget;
			buildConfigurationList = 8F43F24B21328B4C007E9AE0 /* Build configuration list for PBXNativeTarget "BmiCalcTests" */;
			buildPhases = (
				287EE795BAD978B571E41CB8 /* [CP] Check Pods Manifest.lock */,
				8F43F23B21328B4C007E9AE0 /* Sources */,
				8F43F23C21328B4C007E9AE0 /* Frameworks */,
				8F43F23D21328B4C007E9AE0 /* Resources */,
				42C1CB3F5117A607B16A522B /* [CP] Embed Pods Frameworks */,
			);
			buildRules = (
			);
			dependencies = (
				8F43F24121328B4C007E9AE0 /* PBXTargetDependency */,
			);
			name = BmiCalcTests;
			productName = BmiCalcTests;
			productReference = 8F43F23F21328B4C007E9AE0 /* BmiCalcTests.xctest */;
			productType = "com.apple.product-type.bundle.unit-test";
		};
/* End PBXNativeTarget section */

/* Begin PBXProject section */
		8F43F22321328B4C007E9AE0 /* Project object */ = {
			isa = PBXProject;
			attributes = {
				LastSwiftUpdateCheck = 0940;
				LastUpgradeCheck = 0940;
				ORGANIZATIONNAME = dinaraja.me;
				TargetAttributes = {
					8F43F22A21328B4C007E9AE0 = {
						CreatedOnToolsVersion = 9.4.1;
					};
					8F43F23E21328B4C007E9AE0 = {
						CreatedOnToolsVersion = 9.4.1;
						TestTargetID = 8F43F22A21328B4C007E9AE0;
					};
				};
			};
			buildConfigurationList = 8F43F22621328B4C007E9AE0 /* Build configuration list for PBXProject "BmiCalc" */;
			compatibilityVersion = "Xcode 9.3";
			developmentRegion = en;
			hasScannedForEncodings = 0;
			knownRegions = (
				en,
				Base,
			);
			mainGroup = 8F43F22221328B4C007E9AE0;
			productRefGroup = 8F43F22C21328B4C007E9AE0 /* Products */;
			projectDirPath = "";
			projectRoot = "";
			targets = (
				8F43F22A21328B4C007E9AE0 /* BmiCalc */,
				8F43F23E21328B4C007E9AE0 /* BmiCalcTests */,
			);
		};
/* End PBXProject section */

/* Begin PBXResourcesBuildPhase section */
		8F43F22921328B4C007E9AE0 /* Resources */ = {
			isa = PBXResourcesBuildPhase;
			buildActionMask = 2147483647;
			files = (
				8F43F23921328B4C007E9AE0 /* LaunchScreen.storyboard in Resources */,
				8F43F23621328B4C007E9AE0 /* Assets.xcassets in Resources */,
				8F43F25021328C2B007E9AE0 /* Bmi.storyboard in Resources */,
			);
			runOnlyForDeploymentPostprocessing = 0;
		};
		8F43F23D21328B4C007E9AE0 /* Resources */ = {
			isa = PBXResourcesBuildPhase;
			buildActionMask = 2147483647;
			files = (
			);
			runOnlyForDeploymentPostprocessing = 0;
		};
/* End PBXResourcesBuildPhase section */

/* Begin PBXShellScriptBuildPhase section */
		1361075FA9AFD7633632924F /* [CP] Embed Pods Frameworks */ = {
			isa = PBXShellScriptBuildPhase;
			buildActionMask = 2147483647;
			files = (
			);
			inputPaths = (
				"${SRCROOT}/Pods/Target Support Files/Pods-BmiCalc/Pods-BmiCalc-frameworks.sh",
				"${BUILT_PRODUCTS_DIR}/RxCocoa/RxCocoa.framework",
				"${BUILT_PRODUCTS_DIR}/RxSwift/RxSwift.framework",
			);
			name = "[CP] Embed Pods Frameworks";
			outputPaths = (
				"${TARGET_BUILD_DIR}/${FRAMEWORKS_FOLDER_PATH}/RxCocoa.framework",
				"${TARGET_BUILD_DIR}/${FRAMEWORKS_FOLDER_PATH}/RxSwift.framework",
			);
			runOnlyForDeploymentPostprocessing = 0;
			shellPath = /bin/sh;
			shellScript = "\"${SRCROOT}/Pods/Target Support Files/Pods-BmiCalc/Pods-BmiCalc-frameworks.sh\"\n";
			showEnvVarsInLog = 0;
		};
		287EE795BAD978B571E41CB8 /* [CP] Check Pods Manifest.lock */ = {
			isa = PBXShellScriptBuildPhase;
			buildActionMask = 2147483647;
			files = (
			);
			inputPaths = (
				"${PODS_PODFILE_DIR_PATH}/Podfile.lock",
				"${PODS_ROOT}/Manifest.lock",
			);
			name = "[CP] Check Pods Manifest.lock";
			outputPaths = (
				"$(DERIVED_FILE_DIR)/Pods-BmiCalcTests-checkManifestLockResult.txt",
			);
			runOnlyForDeploymentPostprocessing = 0;
			shellPath = /bin/sh;
			shellScript = "diff \"${PODS_PODFILE_DIR_PATH}/Podfile.lock\" \"${PODS_ROOT}/Manifest.lock\" > /dev/null\nif [ $? != 0 ] ; then\n    # print error to STDERR\n    echo \"error: The sandbox is not in sync with the Podfile.lock. Run 'pod install' or update your CocoaPods installation.\" >&2\n    exit 1\nfi\n# This output is used by Xcode 'outputs' to avoid re-running this script phase.\necho \"SUCCESS\" > \"${SCRIPT_OUTPUT_FILE_0}\"\n";
			showEnvVarsInLog = 0;
		};
		42C1CB3F5117A607B16A522B /* [CP] Embed Pods Frameworks */ = {
			isa = PBXShellScriptBuildPhase;
			buildActionMask = 2147483647;
			files = (
			);
			inputPaths = (
				"${SRCROOT}/Pods/Target Support Files/Pods-BmiCalcTests/Pods-BmiCalcTests-frameworks.sh",
				"${BUILT_PRODUCTS_DIR}/RxSwift/RxSwift.framework",
				"${BUILT_PRODUCTS_DIR}/RxBlocking/RxBlocking.framework",
				"${BUILT_PRODUCTS_DIR}/RxTest/RxTest.framework",
			);
			name = "[CP] Embed Pods Frameworks";
			outputPaths = (
				"${TARGET_BUILD_DIR}/${FRAMEWORKS_FOLDER_PATH}/RxSwift.framework",
				"${TARGET_BUILD_DIR}/${FRAMEWORKS_FOLDER_PATH}/RxBlocking.framework",
				"${TARGET_BUILD_DIR}/${FRAMEWORKS_FOLDER_PATH}/RxTest.framework",
			);
			runOnlyForDeploymentPostprocessing = 0;
			shellPath = /bin/sh;
			shellScript = "\"${SRCROOT}/Pods/Target Support Files/Pods-BmiCalcTests/Pods-BmiCalcTests-frameworks.sh\"\n";
			showEnvVarsInLog = 0;
		};
		8002DF5EABA0514DB5CCDD8D /* [CP] Check Pods Manifest.lock */ = {
			isa = PBXShellScriptBuildPhase;
			buildActionMask = 2147483647;
			files = (
			);
			inputPaths = (
				"${PODS_PODFILE_DIR_PATH}/Podfile.lock",
				"${PODS_ROOT}/Manifest.lock",
			);
			name = "[CP] Check Pods Manifest.lock";
			outputPaths = (
				"$(DERIVED_FILE_DIR)/Pods-BmiCalc-checkManifestLockResult.txt",
			);
			runOnlyForDeploymentPostprocessing = 0;
			shellPath = /bin/sh;
			shellScript = "diff \"${PODS_PODFILE_DIR_PATH}/Podfile.lock\" \"${PODS_ROOT}/Manifest.lock\" > /dev/null\nif [ $? != 0 ] ; then\n    # print error to STDERR\n    echo \"error: The sandbox is not in sync with the Podfile.lock. Run 'pod install' or update your CocoaPods installation.\" >&2\n    exit 1\nfi\n# This output is used by Xcode 'outputs' to avoid re-running this script phase.\necho \"SUCCESS\" > \"${SCRIPT_OUTPUT_FILE_0}\"\n";
			showEnvVarsInLog = 0;
		};
/* End PBXShellScriptBuildPhase section */

/* Begin PBXSourcesBuildPhase section */
		8F43F22721328B4C007E9AE0 /* Sources */ = {
			isa = PBXSourcesBuildPhase;
			buildActionMask = 2147483647;
			files = (
				8F43F22F21328B4C007E9AE0 /* AppDelegate.swift in Sources */,
				8F43F25521328D26007E9AE0 /* BmiViewController.swift in Sources */,
				5F8F63FD5FAF30FE4C905DED /* MviController.swift in Sources */,
				5F8F6B9C603247A425127E7C /* MviState.swift in Sources */,
				5F8F663E0501B44D7D132A2A /* MviLifecycle.swift in Sources */,
				5F8F6D8917E0A32508BF74D2 /* Observable+Mvi.swift in Sources */,
				5F8F6AC4A9630DCE1BC1F7BC /* BmiModel.swift in Sources */,
				5F8F63E0CFABE82BB7720B13 /* BmiState.swift in Sources */,
				5F8F614245981DE8A54655DC /* BmiView.swift in Sources */,
				5F8F67E00BFEF57E66C68498 /* BmiIntentions.swift in Sources */,
			);
			runOnlyForDeploymentPostprocessing = 0;
		};
		8F43F23B21328B4C007E9AE0 /* Sources */ = {
			isa = PBXSourcesBuildPhase;
			buildActionMask = 2147483647;
			files = (
				5F8F676E7FD23E5F4339D749 /* BmiModelTests.swift in Sources */,
			);
			runOnlyForDeploymentPostprocessing = 0;
		};
/* End PBXSourcesBuildPhase section */

/* Begin PBXTargetDependency section */
		8F43F24121328B4C007E9AE0 /* PBXTargetDependency */ = {
			isa = PBXTargetDependency;
			target = 8F43F22A21328B4C007E9AE0 /* BmiCalc */;
			targetProxy = 8F43F24021328B4C007E9AE0 /* PBXContainerItemProxy */;
		};
/* End PBXTargetDependency section */

/* Begin PBXVariantGroup section */
		8F43F23721328B4C007E9AE0 /* LaunchScreen.storyboard */ = {
			isa = PBXVariantGroup;
			children = (
				8F43F23821328B4C007E9AE0 /* Base */,
			);
			name = LaunchScreen.storyboard;
			sourceTree = "<group>";
		};
/* End PBXVariantGroup section */

/* Begin XCBuildConfiguration section */
		8F43F24621328B4C007E9AE0 /* Debug */ = {
			isa = XCBuildConfiguration;
			buildSettings = {
				ALWAYS_SEARCH_USER_PATHS = NO;
				CLANG_ANALYZER_NONNULL = YES;
				CLANG_ANALYZER_NUMBER_OBJECT_CONVERSION = YES_AGGRESSIVE;
				CLANG_CXX_LANGUAGE_STANDARD = "gnu++14";
				CLANG_CXX_LIBRARY = "libc++";
				CLANG_ENABLE_MODULES = YES;
				CLANG_ENABLE_OBJC_ARC = YES;
				CLANG_ENABLE_OBJC_WEAK = YES;
				CLANG_WARN_BLOCK_CAPTURE_AUTORELEASING = YES;
				CLANG_WARN_BOOL_CONVERSION = YES;
				CLANG_WARN_COMMA = YES;
				CLANG_WARN_CONSTANT_CONVERSION = YES;
				CLANG_WARN_DEPRECATED_OBJC_IMPLEMENTATIONS = YES;
				CLANG_WARN_DIRECT_OBJC_ISA_USAGE = YES_ERROR;
				CLANG_WARN_DOCUMENTATION_COMMENTS = YES;
				CLANG_WARN_EMPTY_BODY = YES;
				CLANG_WARN_ENUM_CONVERSION = YES;
				CLANG_WARN_INFINITE_RECURSION = YES;
				CLANG_WARN_INT_CONVERSION = YES;
				CLANG_WARN_NON_LITERAL_NULL_CONVERSION = YES;
				CLANG_WARN_OBJC_IMPLICIT_RETAIN_SELF = YES;
				CLANG_WARN_OBJC_LITERAL_CONVERSION = YES;
				CLANG_WARN_OBJC_ROOT_CLASS = YES_ERROR;
				CLANG_WARN_RANGE_LOOP_ANALYSIS = YES;
				CLANG_WARN_STRICT_PROTOTYPES = YES;
				CLANG_WARN_SUSPICIOUS_MOVE = YES;
				CLANG_WARN_UNGUARDED_AVAILABILITY = YES_AGGRESSIVE;
				CLANG_WARN_UNREACHABLE_CODE = YES;
				CLANG_WARN__DUPLICATE_METHOD_MATCH = YES;
				CODE_SIGN_IDENTITY = "iPhone Developer";
				COPY_PHASE_STRIP = NO;
				DEBUG_INFORMATION_FORMAT = dwarf;
				ENABLE_STRICT_OBJC_MSGSEND = YES;
				ENABLE_TESTABILITY = YES;
				GCC_C_LANGUAGE_STANDARD = gnu11;
				GCC_DYNAMIC_NO_PIC = NO;
				GCC_NO_COMMON_BLOCKS = YES;
				GCC_OPTIMIZATION_LEVEL = 0;
				GCC_PREPROCESSOR_DEFINITIONS = (
					"DEBUG=1",
					"$(inherited)",
				);
				GCC_WARN_64_TO_32_BIT_CONVERSION = YES;
				GCC_WARN_ABOUT_RETURN_TYPE = YES_ERROR;
				GCC_WARN_UNDECLARED_SELECTOR = YES;
				GCC_WARN_UNINITIALIZED_AUTOS = YES_AGGRESSIVE;
				GCC_WARN_UNUSED_FUNCTION = YES;
				GCC_WARN_UNUSED_VARIABLE = YES;
				IPHONEOS_DEPLOYMENT_TARGET = 11.4;
				MTL_ENABLE_DEBUG_INFO = YES;
				ONLY_ACTIVE_ARCH = YES;
				SDKROOT = iphoneos;
				SWIFT_ACTIVE_COMPILATION_CONDITIONS = DEBUG;
				SWIFT_OPTIMIZATION_LEVEL = "-Onone";
			};
			name = Debug;
		};
		8F43F24721328B4C007E9AE0 /* Release */ = {
			isa = XCBuildConfiguration;
			buildSettings = {
				ALWAYS_SEARCH_USER_PATHS = NO;
				CLANG_ANALYZER_NONNULL = YES;
				CLANG_ANALYZER_NUMBER_OBJECT_CONVERSION = YES_AGGRESSIVE;
				CLANG_CXX_LANGUAGE_STANDARD = "gnu++14";
				CLANG_CXX_LIBRARY = "libc++";
				CLANG_ENABLE_MODULES = YES;
				CLANG_ENABLE_OBJC_ARC = YES;
				CLANG_ENABLE_OBJC_WEAK = YES;
				CLANG_WARN_BLOCK_CAPTURE_AUTORELEASING = YES;
				CLANG_WARN_BOOL_CONVERSION = YES;
				CLANG_WARN_COMMA = YES;
				CLANG_WARN_CONSTANT_CONVERSION = YES;
				CLANG_WARN_DEPRECATED_OBJC_IMPLEMENTATIONS = YES;
				CLANG_WARN_DIRECT_OBJC_ISA_USAGE = YES_ERROR;
				CLANG_WARN_DOCUMENTATION_COMMENTS = YES;
				CLANG_WARN_EMPTY_BODY = YES;
				CLANG_WARN_ENUM_CONVERSION = YES;
				CLANG_WARN_INFINITE_RECURSION = YES;
				CLANG_WARN_INT_CONVERSION = YES;
				CLANG_WARN_NON_LITERAL_NULL_CONVERSION = YES;
				CLANG_WARN_OBJC_IMPLICIT_RETAIN_SELF = YES;
				CLANG_WARN_OBJC_LITERAL_CONVERSION = YES;
				CLANG_WARN_OBJC_ROOT_CLASS = YES_ERROR;
				CLANG_WARN_RANGE_LOOP_ANALYSIS = YES;
				CLANG_WARN_STRICT_PROTOTYPES = YES;
				CLANG_WARN_SUSPICIOUS_MOVE = YES;
				CLANG_WARN_UNGUARDED_AVAILABILITY = YES_AGGRESSIVE;
				CLANG_WARN_UNREACHABLE_CODE = YES;
				CLANG_WARN__DUPLICATE_METHOD_MATCH = YES;
				CODE_SIGN_IDENTITY = "iPhone Developer";
				COPY_PHASE_STRIP = NO;
				DEBUG_INFORMATION_FORMAT = "dwarf-with-dsym";
				ENABLE_NS_ASSERTIONS = NO;
				ENABLE_STRICT_OBJC_MSGSEND = YES;
				GCC_C_LANGUAGE_STANDARD = gnu11;
				GCC_NO_COMMON_BLOCKS = YES;
				GCC_WARN_64_TO_32_BIT_CONVERSION = YES;
				GCC_WARN_ABOUT_RETURN_TYPE = YES_ERROR;
				GCC_WARN_UNDECLARED_SELECTOR = YES;
				GCC_WARN_UNINITIALIZED_AUTOS = YES_AGGRESSIVE;
				GCC_WARN_UNUSED_FUNCTION = YES;
				GCC_WARN_UNUSED_VARIABLE = YES;
				IPHONEOS_DEPLOYMENT_TARGET = 11.4;
				MTL_ENABLE_DEBUG_INFO = NO;
				SDKROOT = iphoneos;
				SWIFT_COMPILATION_MODE = wholemodule;
				SWIFT_OPTIMIZATION_LEVEL = "-O";
				VALIDATE_PRODUCT = YES;
			};
			name = Release;
		};
		8F43F24921328B4C007E9AE0 /* Debug */ = {
			isa = XCBuildConfiguration;
			baseConfigurationReference = EEAC587257623021AB3856E9 /* Pods-BmiCalc.debug.xcconfig */;
			buildSettings = {
				ASSETCATALOG_COMPILER_APPICON_NAME = AppIcon;
				CODE_SIGN_STYLE = Automatic;
				DEVELOPMENT_TEAM = YNC9THEPFE;
				INFOPLIST_FILE = BmiCalc/Info.plist;
				LD_RUNPATH_SEARCH_PATHS = (
					"$(inherited)",
					"@executable_path/Frameworks",
				);
				PRODUCT_BUNDLE_IDENTIFIER = me.dinaraja.BmiCalc;
				PRODUCT_NAME = "$(TARGET_NAME)";
				SWIFT_VERSION = 4.0;
				TARGETED_DEVICE_FAMILY = "1,2";
			};
			name = Debug;
		};
		8F43F24A21328B4C007E9AE0 /* Release */ = {
			isa = XCBuildConfiguration;
			baseConfigurationReference = 5592FCC16832CDCF5A7B2165 /* Pods-BmiCalc.release.xcconfig */;
			buildSettings = {
				ASSETCATALOG_COMPILER_APPICON_NAME = AppIcon;
				CODE_SIGN_STYLE = Automatic;
				DEVELOPMENT_TEAM = YNC9THEPFE;
				INFOPLIST_FILE = BmiCalc/Info.plist;
				LD_RUNPATH_SEARCH_PATHS = (
					"$(inherited)",
					"@executable_path/Frameworks",
				);
				PRODUCT_BUNDLE_IDENTIFIER = me.dinaraja.BmiCalc;
				PRODUCT_NAME = "$(TARGET_NAME)";
				SWIFT_VERSION = 4.0;
				TARGETED_DEVICE_FAMILY = "1,2";
			};
			name = Release;
		};
		8F43F24C21328B4C007E9AE0 /* Debug */ = {
			isa = XCBuildConfiguration;
			baseConfigurationReference = F40606B1986693F6C3811FA5 /* Pods-BmiCalcTests.debug.xcconfig */;
			buildSettings = {
				ALWAYS_EMBED_SWIFT_STANDARD_LIBRARIES = YES;
				BUNDLE_LOADER = "$(TEST_HOST)";
				CODE_SIGN_STYLE = Automatic;
				DEVELOPMENT_TEAM = YNC9THEPFE;
				INFOPLIST_FILE = BmiCalcTests/Info.plist;
				LD_RUNPATH_SEARCH_PATHS = (
					"$(inherited)",
					"@executable_path/Frameworks",
					"@loader_path/Frameworks",
				);
				PRODUCT_BUNDLE_IDENTIFIER = me.dinaraja.BmiCalcTests;
				PRODUCT_NAME = "$(TARGET_NAME)";
				SWIFT_VERSION = 4.0;
				TARGETED_DEVICE_FAMILY = "1,2";
				TEST_HOST = "$(BUILT_PRODUCTS_DIR)/BmiCalc.app/BmiCalc";
			};
			name = Debug;
		};
		8F43F24D21328B4C007E9AE0 /* Release */ = {
			isa = XCBuildConfiguration;
			baseConfigurationReference = 9DBD127DA08EE1393A198F8B /* Pods-BmiCalcTests.release.xcconfig */;
			buildSettings = {
				ALWAYS_EMBED_SWIFT_STANDARD_LIBRARIES = YES;
				BUNDLE_LOADER = "$(TEST_HOST)";
				CODE_SIGN_STYLE = Automatic;
				DEVELOPMENT_TEAM = YNC9THEPFE;
				INFOPLIST_FILE = BmiCalcTests/Info.plist;
				LD_RUNPATH_SEARCH_PATHS = (
					"$(inherited)",
					"@executable_path/Frameworks",
					"@loader_path/Frameworks",
				);
				PRODUCT_BUNDLE_IDENTIFIER = me.dinaraja.BmiCalcTests;
				PRODUCT_NAME = "$(TARGET_NAME)";
				SWIFT_VERSION = 4.0;
				TARGETED_DEVICE_FAMILY = "1,2";
				TEST_HOST = "$(BUILT_PRODUCTS_DIR)/BmiCalc.app/BmiCalc";
			};
			name = Release;
		};
/* End XCBuildConfiguration section */

/* Begin XCConfigurationList section */
		8F43F22621328B4C007E9AE0 /* Build configuration list for PBXProject "BmiCalc" */ = {
			isa = XCConfigurationList;
			buildConfigurations = (
				8F43F24621328B4C007E9AE0 /* Debug */,
				8F43F24721328B4C007E9AE0 /* Release */,
			);
			defaultConfigurationIsVisible = 0;
			defaultConfigurationName = Release;
		};
		8F43F24821328B4C007E9AE0 /* Build configuration list for PBXNativeTarget "BmiCalc" */ = {
			isa = XCConfigurationList;
			buildConfigurations = (
				8F43F24921328B4C007E9AE0 /* Debug */,
				8F43F24A21328B4C007E9AE0 /* Release */,
			);
			defaultConfigurationIsVisible = 0;
			defaultConfigurationName = Release;
		};
		8F43F24B21328B4C007E9AE0 /* Build configuration list for PBXNativeTarget "BmiCalcTests" */ = {
			isa = XCConfigurationList;
			buildConfigurations = (
				8F43F24C21328B4C007E9AE0 /* Debug */,
				8F43F24D21328B4C007E9AE0 /* Release */,
			);
			defaultConfigurationIsVisible = 0;
			defaultConfigurationName = Release;
		};
/* End XCConfigurationList section */
	};
	rootObject = 8F43F22321328B4C007E9AE0 /* Project object */;
}
